
Microsoft Visual Studio Solution File, Format Version 12.00
# Visual Studio 15
VisualStudioVersion = 15.0.26730.15
MinimumVisualStudioVersion = 10.0.40219.1
Project("{2150E333-8FDC-42A3-9474-1A3956D46DE8}") = "Web", "Web", "{4A043A25-396A-429F-A35E-DBC2F3303644}"
EndProject
Project("{FAE04EC0-301F-11D3-BF4B-00C04F79EFBC}") = "UpBeat.Web", "UpBeat.Web\UpBeat.Web.csproj", "{DD2B1C6B-C0B7-4F47-908D-B871DE817AC7}"
EndProject
Project("{FAE04EC0-301F-11D3-BF4B-00C04F79EFBC}") = "UpBeat.Web.UnitTests", "UpBeat.Web.UnitTests\UpBeat.Web.UnitTests.csproj", "{BB8BFFA1-F5C8-4543-8089-E781C9CC87F4}"
EndProject
Project("{FAE04EC0-301F-11D3-BF4B-00C04F79EFBC}") = "UpBeat.Web.Controllers", "UpBeat.Web.Controllers\UpBeat.Web.Controllers.csproj", "{FF696748-192D-45FA-BDD6-30C812989A9F}"
EndProject
Project("{FAE04EC0-301F-11D3-BF4B-00C04F79EFBC}") = "UpBeat.Web.Models", "UpBeat.Web.Models\UpBeat.Web.Models.csproj", "{0C80CB22-1540-496D-B629-08118486BE41}"
EndProject
Global
	GlobalSection(SolutionConfigurationPlatforms) = preSolution
		Debug|Any CPU = Debug|Any CPU
		Release|Any CPU = Release|Any CPU
	EndGlobalSection
	GlobalSection(ProjectConfigurationPlatforms) = postSolution
		{DD2B1C6B-C0B7-4F47-908D-B871DE817AC7}.Debug|Any CPU.ActiveCfg = Debug|Any CPU
		{DD2B1C6B-C0B7-4F47-908D-B871DE817AC7}.Debug|Any CPU.Build.0 = Debug|Any CPU
		{DD2B1C6B-C0B7-4F47-908D-B871DE817AC7}.Release|Any CPU.ActiveCfg = Release|Any CPU
		{DD2B1C6B-C0B7-4F47-908D-B871DE817AC7}.Release|Any CPU.Build.0 = Release|Any CPU
		{BB8BFFA1-F5C8-4543-8089-E781C9CC87F4}.Debug|Any CPU.ActiveCfg = Debug|Any CPU
		{BB8BFFA1-F5C8-4543-8089-E781C9CC87F4}.Debug|Any CPU.Build.0 = Debug|Any CPU
		{BB8BFFA1-F5C8-4543-8089-E781C9CC87F4}.Release|Any CPU.ActiveCfg = Release|Any CPU
		{BB8BFFA1-F5C8-4543-8089-E781C9CC87F4}.Release|Any CPU.Build.0 = Release|Any CPU
		{FF696748-192D-45FA-BDD6-30C812989A9F}.Debug|Any CPU.ActiveCfg = Debug|Any CPU
		{FF696748-192D-45FA-BDD6-30C812989A9F}.Debug|Any CPU.Build.0 = Debug|Any CPU
		{FF696748-192D-45FA-BDD6-30C812989A9F}.Release|Any CPU.ActiveCfg = Release|Any CPU
		{FF696748-192D-45FA-BDD6-30C812989A9F}.Release|Any CPU.Build.0 = Release|Any CPU
		{0C80CB22-1540-496D-B629-08118486BE41}.Debug|Any CPU.ActiveCfg = Debug|Any CPU
		{0C80CB22-1540-496D-B629-08118486BE41}.Debug|Any CPU.Build.0 = Debug|Any CPU
		{0C80CB22-1540-496D-B629-08118486BE41}.Release|Any CPU.ActiveCfg = Release|Any CPU
		{0C80CB22-1540-496D-B629-08118486BE41}.Release|Any CPU.Build.0 = Release|Any CPU
	EndGlobalSection
	GlobalSection(SolutionProperties) = preSolution
		HideSolutionNode = FALSE
	EndGlobalSection
	GlobalSection(NestedProjects) = preSolution
		{DD2B1C6B-C0B7-4F47-908D-B871DE817AC7} = {4A043A25-396A-429F-A35E-DBC2F3303644}
		{BB8BFFA1-F5C8-4543-8089-E781C9CC87F4} = {4A043A25-396A-429F-A35E-DBC2F3303644}
		{FF696748-192D-45FA-BDD6-30C812989A9F} = {4A043A25-396A-429F-A35E-DBC2F3303644}
		{0C80CB22-1540-496D-B629-08118486BE41} = {4A043A25-396A-429F-A35E-DBC2F3303644}
	EndGlobalSection
	GlobalSection(ExtensibilityGlobals) = postSolution
		SolutionGuid = {5A2378FB-553D-4AB3-8A59-459F311CA8B1}
	EndGlobalSection
EndGlobal
