
Microsoft Visual Studio Solution File, Format Version 12.00
# Visual Studio 15
VisualStudioVersion = 15.0.26730.15
MinimumVisualStudioVersion = 10.0.40219.1
Project("{2150E333-8FDC-42A3-9474-1A3956D46DE8}") = "Web", "Web", "{4A043A25-396A-429F-A35E-DBC2F3303644}"
EndProject
Project("{FAE04EC0-301F-11D3-BF4B-00C04F79EFBC}") = "UpBeat.Web", "UpBeat.Web\UpBeat.Web.csproj", "{DD2B1C6B-C0B7-4F47-908D-B871DE817AC7}"
EndProject
Project("{FAE04EC0-301F-11D3-BF4B-00C04F79EFBC}") = "UpBeat.Web.UnitTests", "UpBeat.Web.UnitTests\UpBeat.Web.UnitTests.csproj", "{BB8BFFA1-F5C8-4543-8089-E781C9CC87F4}"
EndProject
Project("{FAE04EC0-301F-11D3-BF4B-00C04F79EFBC}") = "UpBeat.Web.Controllers", "UpBeat.Web.Controllers\UpBeat.Web.Controllers.csproj", "{FF696748-192D-45FA-BDD6-30C812989A9F}"
EndProject
Project("{FAE04EC0-301F-11D3-BF4B-00C04F79EFBC}") = "UpBeat.Web.Models", "UpBeat.Web.Models\UpBeat.Web.Models.csproj", "{0C80CB22-1540-496D-B629-08118486BE41}"
EndProject
Project("{2150E333-8FDC-42A3-9474-1A3956D46DE8}") = "Data", "Data", "{DA9AAF1D-7EFD-468E-9419-C7363715ECB0}"
EndProject
Project("{FAE04EC0-301F-11D3-BF4B-00C04F79EFBC}") = "UpBeat.Data", "UpBeat.Data\UpBeat.Data.csproj", "{5454AD8F-422E-4986-9829-0655EBE10764}"
EndProject
Project("{FAE04EC0-301F-11D3-BF4B-00C04F79EFBC}") = "UpBeat.Data.Models", "UpBeat.Data.Models\UpBeat.Data.Models.csproj", "{2BDBFF4C-D6D8-47B8-A16F-5199C29C2531}"
EndProject
Project("{2150E333-8FDC-42A3-9474-1A3956D46DE8}") = "Services", "Services", "{D753DF9C-BD59-4C50-A142-7A782A2B78D0}"
EndProject
Project("{FAE04EC0-301F-11D3-BF4B-00C04F79EFBC}") = "UpBeat.Auth", "UpBeat.Auth\UpBeat.Auth.csproj", "{C0D99390-4E7F-4A8E-AC7F-1C7C1174EF22}"
EndProject
Project("{FAE04EC0-301F-11D3-BF4B-00C04F79EFBC}") = "UpBeat.Data.JsonModels", "UpBeat.Data.JsonModels\UpBeat.Data.JsonModels.csproj", "{78C6FD55-234D-4B62-883C-665019FF60B7}"
EndProject
Project("{2150E333-8FDC-42A3-9474-1A3956D46DE8}") = "Common", "Common", "{E90EDB92-388C-473E-922A-6A1FBE8A2E63}"
EndProject
Project("{FAE04EC0-301F-11D3-BF4B-00C04F79EFBC}") = "UpBeat.Common", "UpBeat.Common\UpBeat.Common.csproj", "{A0CA61BE-9FCA-47DE-BC30-78E04C42BC61}"
EndProject
Global
	GlobalSection(SolutionConfigurationPlatforms) = preSolution
		Debug|Any CPU = Debug|Any CPU
		Release|Any CPU = Release|Any CPU
	EndGlobalSection
	GlobalSection(ProjectConfigurationPlatforms) = postSolution
		{DD2B1C6B-C0B7-4F47-908D-B871DE817AC7}.Debug|Any CPU.ActiveCfg = Debug|Any CPU
		{DD2B1C6B-C0B7-4F47-908D-B871DE817AC7}.Debug|Any CPU.Build.0 = Debug|Any CPU
		{DD2B1C6B-C0B7-4F47-908D-B871DE817AC7}.Release|Any CPU.ActiveCfg = Release|Any CPU
		{DD2B1C6B-C0B7-4F47-908D-B871DE817AC7}.Release|Any CPU.Build.0 = Release|Any CPU
		{BB8BFFA1-F5C8-4543-8089-E781C9CC87F4}.Debug|Any CPU.ActiveCfg = Debug|Any CPU
		{BB8BFFA1-F5C8-4543-8089-E781C9CC87F4}.Debug|Any CPU.Build.0 = Debug|Any CPU
		{BB8BFFA1-F5C8-4543-8089-E781C9CC87F4}.Release|Any CPU.ActiveCfg = Release|Any CPU
		{BB8BFFA1-F5C8-4543-8089-E781C9CC87F4}.Release|Any CPU.Build.0 = Release|Any CPU
		{FF696748-192D-45FA-BDD6-30C812989A9F}.Debug|Any CPU.ActiveCfg = Debug|Any CPU
		{FF696748-192D-45FA-BDD6-30C812989A9F}.Debug|Any CPU.Build.0 = Debug|Any CPU
		{FF696748-192D-45FA-BDD6-30C812989A9F}.Release|Any CPU.ActiveCfg = Release|Any CPU
		{FF696748-192D-45FA-BDD6-30C812989A9F}.Release|Any CPU.Build.0 = Release|Any CPU
		{0C80CB22-1540-496D-B629-08118486BE41}.Debug|Any CPU.ActiveCfg = Debug|Any CPU
		{0C80CB22-1540-496D-B629-08118486BE41}.Debug|Any CPU.Build.0 = Debug|Any CPU
		{0C80CB22-1540-496D-B629-08118486BE41}.Release|Any CPU.ActiveCfg = Release|Any CPU
		{0C80CB22-1540-496D-B629-08118486BE41}.Release|Any CPU.Build.0 = Release|Any CPU
		{5454AD8F-422E-4986-9829-0655EBE10764}.Debug|Any CPU.ActiveCfg = Debug|Any CPU
		{5454AD8F-422E-4986-9829-0655EBE10764}.Debug|Any CPU.Build.0 = Debug|Any CPU
		{5454AD8F-422E-4986-9829-0655EBE10764}.Release|Any CPU.ActiveCfg = Release|Any CPU
		{5454AD8F-422E-4986-9829-0655EBE10764}.Release|Any CPU.Build.0 = Release|Any CPU
		{2BDBFF4C-D6D8-47B8-A16F-5199C29C2531}.Debug|Any CPU.ActiveCfg = Debug|Any CPU
		{2BDBFF4C-D6D8-47B8-A16F-5199C29C2531}.Debug|Any CPU.Build.0 = Debug|Any CPU
		{2BDBFF4C-D6D8-47B8-A16F-5199C29C2531}.Release|Any CPU.ActiveCfg = Release|Any CPU
		{2BDBFF4C-D6D8-47B8-A16F-5199C29C2531}.Release|Any CPU.Build.0 = Release|Any CPU
		{C0D99390-4E7F-4A8E-AC7F-1C7C1174EF22}.Debug|Any CPU.ActiveCfg = Debug|Any CPU
		{C0D99390-4E7F-4A8E-AC7F-1C7C1174EF22}.Debug|Any CPU.Build.0 = Debug|Any CPU
		{C0D99390-4E7F-4A8E-AC7F-1C7C1174EF22}.Release|Any CPU.ActiveCfg = Release|Any CPU
		{C0D99390-4E7F-4A8E-AC7F-1C7C1174EF22}.Release|Any CPU.Build.0 = Release|Any CPU
		{78C6FD55-234D-4B62-883C-665019FF60B7}.Debug|Any CPU.ActiveCfg = Debug|Any CPU
		{78C6FD55-234D-4B62-883C-665019FF60B7}.Debug|Any CPU.Build.0 = Debug|Any CPU
		{78C6FD55-234D-4B62-883C-665019FF60B7}.Release|Any CPU.ActiveCfg = Release|Any CPU
		{78C6FD55-234D-4B62-883C-665019FF60B7}.Release|Any CPU.Build.0 = Release|Any CPU
		{A0CA61BE-9FCA-47DE-BC30-78E04C42BC61}.Debug|Any CPU.ActiveCfg = Debug|Any CPU
		{A0CA61BE-9FCA-47DE-BC30-78E04C42BC61}.Debug|Any CPU.Build.0 = Debug|Any CPU
		{A0CA61BE-9FCA-47DE-BC30-78E04C42BC61}.Release|Any CPU.ActiveCfg = Release|Any CPU
		{A0CA61BE-9FCA-47DE-BC30-78E04C42BC61}.Release|Any CPU.Build.0 = Release|Any CPU
	EndGlobalSection
	GlobalSection(SolutionProperties) = preSolution
		HideSolutionNode = FALSE
	EndGlobalSection
	GlobalSection(NestedProjects) = preSolution
		{DD2B1C6B-C0B7-4F47-908D-B871DE817AC7} = {4A043A25-396A-429F-A35E-DBC2F3303644}
		{BB8BFFA1-F5C8-4543-8089-E781C9CC87F4} = {4A043A25-396A-429F-A35E-DBC2F3303644}
		{FF696748-192D-45FA-BDD6-30C812989A9F} = {4A043A25-396A-429F-A35E-DBC2F3303644}
		{0C80CB22-1540-496D-B629-08118486BE41} = {4A043A25-396A-429F-A35E-DBC2F3303644}
		{5454AD8F-422E-4986-9829-0655EBE10764} = {DA9AAF1D-7EFD-468E-9419-C7363715ECB0}
		{2BDBFF4C-D6D8-47B8-A16F-5199C29C2531} = {DA9AAF1D-7EFD-468E-9419-C7363715ECB0}
		{C0D99390-4E7F-4A8E-AC7F-1C7C1174EF22} = {D753DF9C-BD59-4C50-A142-7A782A2B78D0}
		{78C6FD55-234D-4B62-883C-665019FF60B7} = {DA9AAF1D-7EFD-468E-9419-C7363715ECB0}
		{A0CA61BE-9FCA-47DE-BC30-78E04C42BC61} = {E90EDB92-388C-473E-922A-6A1FBE8A2E63}
	EndGlobalSection
	GlobalSection(ExtensibilityGlobals) = postSolution
		SolutionGuid = {5A2378FB-553D-4AB3-8A59-459F311CA8B1}
	EndGlobalSection
EndGlobal
